// !$*UTF8*$!
{
	archiveVersion = 1;
	classes = {
	};
	objectVersion = 50;
	objects = {

/* Begin PBXBuildFile section */
		C72B6C3923050976000D535E /* AppDelegate.swift in Sources */ = {isa = PBXBuildFile; fileRef = C72B6C3823050976000D535E /* AppDelegate.swift */; };
		C72B6C3B23050976000D535E /* SceneDelegate.swift in Sources */ = {isa = PBXBuildFile; fileRef = C72B6C3A23050976000D535E /* SceneDelegate.swift */; };
		C72B6C3D23050976000D535E /* ContentView.swift in Sources */ = {isa = PBXBuildFile; fileRef = C72B6C3C23050976000D535E /* ContentView.swift */; };
		C72B6C3F23050978000D535E /* Assets.xcassets in Resources */ = {isa = PBXBuildFile; fileRef = C72B6C3E23050978000D535E /* Assets.xcassets */; };
		C72B6C4223050978000D535E /* Preview Assets.xcassets in Resources */ = {isa = PBXBuildFile; fileRef = C72B6C4123050978000D535E /* Preview Assets.xcassets */; };
		C72B6C4523050978000D535E /* LaunchScreen.storyboard in Resources */ = {isa = PBXBuildFile; fileRef = C72B6C4323050978000D535E /* LaunchScreen.storyboard */; };
/* End PBXBuildFile section */

/* Begin PBXFileReference section */
		C72B6C3523050976000D535E /* 26-Podcast_Player.app */ = {isa = PBXFileReference; explicitFileType = wrapper.application; includeInIndex = 0; path = "26-Podcast_Player.app"; sourceTree = BUILT_PRODUCTS_DIR; };
		C72B6C3823050976000D535E /* AppDelegate.swift */ = {isa = PBXFileReference; lastKnownFileType = sourcecode.swift; path = AppDelegate.swift; sourceTree = "<group>"; };
		C72B6C3A23050976000D535E /* SceneDelegate.swift */ = {isa = PBXFileReference; lastKnownFileType = sourcecode.swift; path = SceneDelegate.swift; sourceTree = "<group>"; };
		C72B6C3C23050976000D535E /* ContentView.swift */ = {isa = PBXFileReference; lastKnownFileType = sourcecode.swift; path = ContentView.swift; sourceTree = "<group>"; };
		C72B6C3E23050978000D535E /* Assets.xcassets */ = {isa = PBXFileReference; lastKnownFileType = folder.assetcatalog; path = Assets.xcassets; sourceTree = "<group>"; };
		C72B6C4123050978000D535E /* Preview Assets.xcassets */ = {isa = PBXFileReference; lastKnownFileType = folder.assetcatalog; path = "Preview Assets.xcassets"; sourceTree = "<group>"; };
		C72B6C4423050978000D535E /* Base */ = {isa = PBXFileReference; lastKnownFileType = file.storyboard; name = Base; path = Base.lproj/LaunchScreen.storyboard; sourceTree = "<group>"; };
		C72B6C4623050978000D535E /* Info.plist */ = {isa = PBXFileReference; lastKnownFileType = text.plist.xml; path = Info.plist; sourceTree = "<group>"; };
/* End PBXFileReference section */

/* Begin PBXFrameworksBuildPhase section */
		C72B6C3223050976000D535E /* Frameworks */ = {
			isa = PBXFrameworksBuildPhase;
			buildActionMask = 2147483647;
			files = (
			);
			runOnlyForDeploymentPostprocessing = 0;
		};
/* End PBXFrameworksBuildPhase section */

/* Begin PBXGroup section */
		C72B6C2C23050976000D535E = {
			isa = PBXGroup;
			children = (
				C72B6C3723050976000D535E /* 26-Podcast_Player */,
				C72B6C3623050976000D535E /* Products */,
			);
			sourceTree = "<group>";
		};
		C72B6C3623050976000D535E /* Products */ = {
			isa = PBXGroup;
			children = (
				C72B6C3523050976000D535E /* 26-Podcast_Player.app */,
			);
			name = Products;
			sourceTree = "<group>";
		};
		C72B6C3723050976000D535E /* 26-Podcast_Player */ = {
			isa = PBXGroup;
			children = (
				C72B6C3823050976000D535E /* AppDelegate.swift */,
				C72B6C3A23050976000D535E /* SceneDelegate.swift */,
				C72B6C3C23050976000D535E /* ContentView.swift */,
				C72B6C3E23050978000D535E /* Assets.xcassets */,
				C72B6C4323050978000D535E /* LaunchScreen.storyboard */,
				C72B6C4623050978000D535E /* Info.plist */,
				C72B6C4023050978000D535E /* Preview Content */,
			);
			path = "26-Podcast_Player";
			sourceTree = "<group>";
		};
		C72B6C4023050978000D535E /* Preview Content */ = {
			isa = PBXGroup;
			children = (
				C72B6C4123050978000D535E /* Preview Assets.xcassets */,
			);
			path = "Preview Content";
			sourceTree = "<group>";
		};
/* End PBXGroup section */

/* Begin PBXNativeTarget section */
		C72B6C3423050976000D535E /* 26-Podcast_Player */ = {
			isa = PBXNativeTarget;
			buildConfigurationList = C72B6C4923050978000D535E /* Build configuration list for PBXNativeTarget "26-Podcast_Player" */;
			buildPhases = (
				C72B6C3123050976000D535E /* Sources */,
				C72B6C3223050976000D535E /* Frameworks */,
				C72B6C3323050976000D535E /* Resources */,
			);
			buildRules = (
			);
			dependencies = (
			);
			name = "26-Podcast_Player";
			productName = "26-Podcast_Player";
			productReference = C72B6C3523050976000D535E /* 26-Podcast_Player.app */;
			productType = "com.apple.product-type.application";
		};
/* End PBXNativeTarget section */

/* Begin PBXProject section */
		C72B6C2D23050976000D535E /* Project object */ = {
			isa = PBXProject;
			attributes = {
				LastSwiftUpdateCheck = 1100;
				LastUpgradeCheck = 1100;
				ORGANIZATIONNAME = "Diego Salazar Arp";
				TargetAttributes = {
					C72B6C3423050976000D535E = {
						CreatedOnToolsVersion = 11.0;
					};
				};
			};
			buildConfigurationList = C72B6C3023050976000D535E /* Build configuration list for PBXProject "26-Podcast_Player" */;
			compatibilityVersion = "Xcode 9.3";
			developmentRegion = en;
			hasScannedForEncodings = 0;
			knownRegions = (
				en,
				Base,
			);
			mainGroup = C72B6C2C23050976000D535E;
			productRefGroup = C72B6C3623050976000D535E /* Products */;
			projectDirPath = "";
			projectRoot = "";
			targets = (
				C72B6C3423050976000D535E /* 26-Podcast_Player */,
			);
		};
/* End PBXProject section */

/* Begin PBXResourcesBuildPhase section */
		C72B6C3323050976000D535E /* Resources */ = {
			isa = PBXResourcesBuildPhase;
			buildActionMask = 2147483647;
			files = (
				C72B6C4523050978000D535E /* LaunchScreen.storyboard in Resources */,
				C72B6C4223050978000D535E /* Preview Assets.xcassets in Resources */,
				C72B6C3F23050978000D535E /* Assets.xcassets in Resources */,
			);
			runOnlyForDeploymentPostprocessing = 0;
		};
/* End PBXResourcesBuildPhase section */

/* Begin PBXSourcesBuildPhase section */
		C72B6C3123050976000D535E /* Sources */ = {
			isa = PBXSourcesBuildPhase;
			buildActionMask = 2147483647;
			files = (
				C72B6C3923050976000D535E /* AppDelegate.swift in Sources */,
				C72B6C3B23050976000D535E /* SceneDelegate.swift in Sources */,
				C72B6C3D23050976000D535E /* ContentView.swift in Sources */,
			);
			runOnlyForDeploymentPostprocessing = 0;
		};
/* End PBXSourcesBuildPhase section */

/* Begin PBXVariantGroup section */
		C72B6C4323050978000D535E /* LaunchScreen.storyboard */ = {
			isa = PBXVariantGroup;
			children = (
				C72B6C4423050978000D535E /* Base */,
			);
			name = LaunchScreen.storyboard;
			sourceTree = "<group>";
		};
/* End PBXVariantGroup section */

/* Begin XCBuildConfiguration section */
		C72B6C4723050978000D535E /* Debug */ = {
			isa = XCBuildConfiguration;
			buildSettings = {
				ALWAYS_SEARCH_USER_PATHS = NO;
				CLANG_ANALYZER_NONNULL = YES;
				CLANG_ANALYZER_NUMBER_OBJECT_CONVERSION = YES_AGGRESSIVE;
				CLANG_CXX_LANGUAGE_STANDARD = "gnu++14";
				CLANG_CXX_LIBRARY = "libc++";
				CLANG_ENABLE_MODULES = YES;
				CLANG_ENABLE_OBJC_ARC = YES;
				CLANG_ENABLE_OBJC_WEAK = YES;
				CLANG_WARN_BLOCK_CAPTURE_AUTORELEASING = YES;
				CLANG_WARN_BOOL_CONVERSION = YES;
				CLANG_WARN_COMMA = YES;
				CLANG_WARN_CONSTANT_CONVERSION = YES;
				CLANG_WARN_DEPRECATED_OBJC_IMPLEMENTATIONS = YES;
				CLANG_WARN_DIRECT_OBJC_ISA_USAGE = YES_ERROR;
				CLANG_WARN_DOCUMENTATION_COMMENTS = YES;
				CLANG_WARN_EMPTY_BODY = YES;
				CLANG_WARN_ENUM_CONVERSION = YES;
				CLANG_WARN_INFINITE_RECURSION = YES;
				CLANG_WARN_INT_CONVERSION = YES;
				CLANG_WARN_NON_LITERAL_NULL_CONVERSION = YES;
				CLANG_WARN_OBJC_IMPLICIT_RETAIN_SELF = YES;
				CLANG_WARN_OBJC_LITERAL_CONVERSION = YES;
				CLANG_WARN_OBJC_ROOT_CLASS = YES_ERROR;
				CLANG_WARN_RANGE_LOOP_ANALYSIS = YES;
				CLANG_WARN_STRICT_PROTOTYPES = YES;
				CLANG_WARN_SUSPICIOUS_MOVE = YES;
				CLANG_WARN_UNGUARDED_AVAILABILITY = YES_AGGRESSIVE;
				CLANG_WARN_UNREACHABLE_CODE = YES;
				CLANG_WARN__DUPLICATE_METHOD_MATCH = YES;
				COPY_PHASE_STRIP = NO;
				DEBUG_INFORMATION_FORMAT = dwarf;
				ENABLE_STRICT_OBJC_MSGSEND = YES;
				ENABLE_TESTABILITY = YES;
				GCC_C_LANGUAGE_STANDARD = gnu11;
				GCC_DYNAMIC_NO_PIC = NO;
				GCC_NO_COMMON_BLOCKS = YES;
				GCC_OPTIMIZATION_LEVEL = 0;
				GCC_PREPROCESSOR_DEFINITIONS = (
					"DEBUG=1",
					"$(inherited)",
				);
				GCC_WARN_64_TO_32_BIT_CONVERSION = YES;
				GCC_WARN_ABOUT_RETURN_TYPE = YES_ERROR;
				GCC_WARN_UNDECLARED_SELECTOR = YES;
				GCC_WARN_UNINITIALIZED_AUTOS = YES_AGGRESSIVE;
				GCC_WARN_UNUSED_FUNCTION = YES;
				GCC_WARN_UNUSED_VARIABLE = YES;
				IPHONEOS_DEPLOYMENT_TARGET = 13.0;
				MTL_ENABLE_DEBUG_INFO = INCLUDE_SOURCE;
				MTL_FAST_MATH = YES;
				ONLY_ACTIVE_ARCH = YES;
				SDKROOT = iphoneos;
				SWIFT_ACTIVE_COMPILATION_CONDITIONS = DEBUG;
				SWIFT_OPTIMIZATION_LEVEL = "-Onone";
			};
			name = Debug;
		};
		C72B6C4823050978000D535E /* Release */ = {
			isa = XCBuildConfiguration;
			buildSettings = {
				ALWAYS_SEARCH_USER_PATHS = NO;
				CLANG_ANALYZER_NONNULL = YES;
				CLANG_ANALYZER_NUMBER_OBJECT_CONVERSION = YES_AGGRESSIVE;
				CLANG_CXX_LANGUAGE_STANDARD = "gnu++14";
				CLANG_CXX_LIBRARY = "libc++";
				CLANG_ENABLE_MODULES = YES;
				CLANG_ENABLE_OBJC_ARC = YES;
				CLANG_ENABLE_OBJC_WEAK = YES;
				CLANG_WARN_BLOCK_CAPTURE_AUTORELEASING = YES;
				CLANG_WARN_BOOL_CONVERSION = YES;
				CLANG_WARN_COMMA = YES;
				CLANG_WARN_CONSTANT_CONVERSION = YES;
				CLANG_WARN_DEPRECATED_OBJC_IMPLEMENTATIONS = YES;
				CLANG_WARN_DIRECT_OBJC_ISA_USAGE = YES_ERROR;
				CLANG_WARN_DOCUMENTATION_COMMENTS = YES;
				CLANG_WARN_EMPTY_BODY = YES;
				CLANG_WARN_ENUM_CONVERSION = YES;
				CLANG_WARN_INFINITE_RECURSION = YES;
				CLANG_WARN_INT_CONVERSION = YES;
				CLANG_WARN_NON_LITERAL_NULL_CONVERSION = YES;
				CLANG_WARN_OBJC_IMPLICIT_RETAIN_SELF = YES;
				CLANG_WARN_OBJC_LITERAL_CONVERSION = YES;
				CLANG_WARN_OBJC_ROOT_CLASS = YES_ERROR;
				CLANG_WARN_RANGE_LOOP_ANALYSIS = YES;
				CLANG_WARN_STRICT_PROTOTYPES = YES;
				CLANG_WARN_SUSPICIOUS_MOVE = YES;
				CLANG_WARN_UNGUARDED_AVAILABILITY = YES_AGGRESSIVE;
				CLANG_WARN_UNREACHABLE_CODE = YES;
				CLANG_WARN__DUPLICATE_METHOD_MATCH = YES;
				COPY_PHASE_STRIP = NO;
				DEBUG_INFORMATION_FORMAT = "dwarf-with-dsym";
				ENABLE_NS_ASSERTIONS = NO;
				ENABLE_STRICT_OBJC_MSGSEND = YES;
				GCC_C_LANGUAGE_STANDARD = gnu11;
				GCC_NO_COMMON_BLOCKS = YES;
				GCC_WARN_64_TO_32_BIT_CONVERSION = YES;
				GCC_WARN_ABOUT_RETURN_TYPE = YES_ERROR;
				GCC_WARN_UNDECLARED_SELECTOR = YES;
				GCC_WARN_UNINITIALIZED_AUTOS = YES_AGGRESSIVE;
				GCC_WARN_UNUSED_FUNCTION = YES;
				GCC_WARN_UNUSED_VARIABLE = YES;
				IPHONEOS_DEPLOYMENT_TARGET = 13.0;
				MTL_ENABLE_DEBUG_INFO = NO;
				MTL_FAST_MATH = YES;
				SDKROOT = iphoneos;
				SWIFT_COMPILATION_MODE = wholemodule;
				SWIFT_OPTIMIZATION_LEVEL = "-O";
				VALIDATE_PRODUCT = YES;
			};
			name = Release;
		};
		C72B6C4A23050978000D535E /* Debug */ = {
			isa = XCBuildConfiguration;
			buildSettings = {
				ASSETCATALOG_COMPILER_APPICON_NAME = AppIcon;
				CODE_SIGN_STYLE = Automatic;
				DEVELOPMENT_ASSET_PATHS = "26-Podcast_Player/Preview\\ Content";
				DEVELOPMENT_TEAM = 896ZJ48GLN;
				ENABLE_PREVIEWS = YES;
				INFOPLIST_FILE = "26-Podcast_Player/Info.plist";
				LD_RUNPATH_SEARCH_PATHS = (
					"$(inherited)",
					"@executable_path/Frameworks",
				);
				PRODUCT_BUNDLE_IDENTIFIER = "Darp-Dev.-6-Podcast-Player";
				PRODUCT_NAME = "$(TARGET_NAME)";
				SWIFT_VERSION = 5.0;
				TARGETED_DEVICE_FAMILY = "1,2";
			};
			name = Debug;
		};
		C72B6C4B23050978000D535E /* Release */ = {
			isa = XCBuildConfiguration;
			buildSettings = {
				ASSETCATALOG_COMPILER_APPICON_NAME = AppIcon;
				CODE_SIGN_STYLE = Automatic;
				DEVELOPMENT_ASSET_PATHS = "26-Podcast_Player/Preview\\ Content";
				DEVELOPMENT_TEAM = 896ZJ48GLN;
				ENABLE_PREVIEWS = YES;
				INFOPLIST_FILE = "26-Podcast_Player/Info.plist";
				LD_RUNPATH_SEARCH_PATHS = (
					"$(inherited)",
					"@executable_path/Frameworks",
				);
				PRODUCT_BUNDLE_IDENTIFIER = "Darp-Dev.-6-Podcast-Player";
				PRODUCT_NAME = "$(TARGET_NAME)";
				SWIFT_VERSION = 5.0;
				TARGETED_DEVICE_FAMILY = "1,2";
			};
			name = Release;
		};
/* End XCBuildConfiguration section */

/* Begin XCConfigurationList section */
		C72B6C3023050976000D535E /* Build configuration list for PBXProject "26-Podcast_Player" */ = {
			isa = XCConfigurationList;
			buildConfigurations = (
				C72B6C4723050978000D535E /* Debug */,
				C72B6C4823050978000D535E /* Release */,
			);
			defaultConfigurationIsVisible = 0;
			defaultConfigurationName = Release;
		};
		C72B6C4923050978000D535E /* Build configuration list for PBXNativeTarget "26-Podcast_Player" */ = {
			isa = XCConfigurationList;
			buildConfigurations = (
				C72B6C4A23050978000D535E /* Debug */,
				C72B6C4B23050978000D535E /* Release */,
			);
			defaultConfigurationIsVisible = 0;
			defaultConfigurationName = Release;
		};
/* End XCConfigurationList section */
	};
	rootObject = C72B6C2D23050976000D535E /* Project object */;
}
